{
  "name": "@cest/static",
  "version": "1.0.0",
  "lockfileVersion": 2,
  "requires": true,
  "packages": {
    "": {
      "name": "@cest/static",
      "version": "1.0.0",
      "license": "ISC",
      "dependencies": {
        "@cest/static": "^1.0.0"
      }
    },
    "node_modules/@cest/static": {
      "version": "1.0.0",
      "resolved": "https://registry.npmjs.org/@cest/static/-/static-1.0.0.tgz",
      "integrity": "sha512-eqia7l7xjeye7c2LBleP7YIh3I6L+uI6pys5kQ5F1j5UgxlSdZPwO+TrIIJJNIGvrE1Lv5cjaRA+mEqaQv/f9Q=="
    }
  },
  "dependencies": {
    "@cest/static": {
      "version": "1.0.0",
      "resolved": "https://registry.npmjs.org/@cest/static/-/static-1.0.0.tgz",
      "integrity": "sha512-eqia7l7xjeye7c2LBleP7YIh3I6L+uI6pys5kQ5F1j5UgxlSdZPwO+TrIIJJNIGvrE1Lv5cjaRA+mEqaQv/f9Q=="
    }
  }
}
